{
  "object": {
    "pins": [
      {
        "package": "AgoraInfra_iOS",
        "repositoryURL": "https://github.com/AgoraIO/AgoraInfra_iOS.git",
        "state": {
          "branch": null,
          "revision": "1efd68dbd67bd464e35e799dd3779fa1c6a114c6",
          "version": "1.3.9"
        }
      }
    ]
  },
  "version": 1
}
